// !$*UTF8*$!
{
	archiveVersion = 1;
	classes = {
	};
	objectVersion = 50;
	objects = {

/* Begin PBXBuildFile section */
		FBEE075E261A4F2A001ACF0D /* AppDelegate.swift in Sources */ = {isa = PBXBuildFile; fileRef = FBEE075D261A4F2A001ACF0D /* AppDelegate.swift */; };
		FBEE0760261A4F2A001ACF0D /* SceneDelegate.swift in Sources */ = {isa = PBXBuildFile; fileRef = FBEE075F261A4F2A001ACF0D /* SceneDelegate.swift */; };
		FBEE0762261A4F2A001ACF0D /* ViewController.swift in Sources */ = {isa = PBXBuildFile; fileRef = FBEE0761261A4F2A001ACF0D /* ViewController.swift */; };
		FBEE0765261A4F2A001ACF0D /* Main.storyboard in Resources */ = {isa = PBXBuildFile; fileRef = FBEE0763261A4F2A001ACF0D /* Main.storyboard */; };
		FBEE0768261A4F2A001ACF0D /* Core_Data.xcdatamodeld in Sources */ = {isa = PBXBuildFile; fileRef = FBEE0766261A4F2A001ACF0D /* Core_Data.xcdatamodeld */; };
		FBEE076A261A4F31001ACF0D /* Assets.xcassets in Resources */ = {isa = PBXBuildFile; fileRef = FBEE0769261A4F31001ACF0D /* Assets.xcassets */; };
		FBEE076D261A4F31001ACF0D /* LaunchScreen.storyboard in Resources */ = {isa = PBXBuildFile; fileRef = FBEE076B261A4F31001ACF0D /* LaunchScreen.storyboard */; };
		FBEE0776261A5350001ACF0D /* Entity+CoreDataClass.swift in Sources */ = {isa = PBXBuildFile; fileRef = FBEE0774261A5350001ACF0D /* Entity+CoreDataClass.swift */; };
		FBEE0777261A5350001ACF0D /* Entity+CoreDataProperties.swift in Sources */ = {isa = PBXBuildFile; fileRef = FBEE0775261A5350001ACF0D /* Entity+CoreDataProperties.swift */; };
/* End PBXBuildFile section */

/* Begin PBXFileReference section */
		FBEE075A261A4F2A001ACF0D /* Core Data.app */ = {isa = PBXFileReference; explicitFileType = wrapper.application; includeInIndex = 0; path = "Core Data.app"; sourceTree = BUILT_PRODUCTS_DIR; };
		FBEE075D261A4F2A001ACF0D /* AppDelegate.swift */ = {isa = PBXFileReference; lastKnownFileType = sourcecode.swift; path = AppDelegate.swift; sourceTree = "<group>"; };
		FBEE075F261A4F2A001ACF0D /* SceneDelegate.swift */ = {isa = PBXFileReference; lastKnownFileType = sourcecode.swift; path = SceneDelegate.swift; sourceTree = "<group>"; };
		FBEE0761261A4F2A001ACF0D /* ViewController.swift */ = {isa = PBXFileReference; lastKnownFileType = sourcecode.swift; path = ViewController.swift; sourceTree = "<group>"; };
		FBEE0764261A4F2A001ACF0D /* Base */ = {isa = PBXFileReference; lastKnownFileType = file.storyboard; name = Base; path = Base.lproj/Main.storyboard; sourceTree = "<group>"; };
		FBEE0767261A4F2A001ACF0D /* Core_Data.xcdatamodel */ = {isa = PBXFileReference; lastKnownFileType = wrapper.xcdatamodel; path = Core_Data.xcdatamodel; sourceTree = "<group>"; };
		FBEE0769261A4F31001ACF0D /* Assets.xcassets */ = {isa = PBXFileReference; lastKnownFileType = folder.assetcatalog; path = Assets.xcassets; sourceTree = "<group>"; };
		FBEE076C261A4F31001ACF0D /* Base */ = {isa = PBXFileReference; lastKnownFileType = file.storyboard; name = Base; path = Base.lproj/LaunchScreen.storyboard; sourceTree = "<group>"; };
		FBEE076E261A4F31001ACF0D /* Info.plist */ = {isa = PBXFileReference; lastKnownFileType = text.plist.xml; path = Info.plist; sourceTree = "<group>"; };
		FBEE0774261A5350001ACF0D /* Entity+CoreDataClass.swift */ = {isa = PBXFileReference; lastKnownFileType = sourcecode.swift; path = "Entity+CoreDataClass.swift"; sourceTree = "<group>"; };
		FBEE0775261A5350001ACF0D /* Entity+CoreDataProperties.swift */ = {isa = PBXFileReference; lastKnownFileType = sourcecode.swift; path = "Entity+CoreDataProperties.swift"; sourceTree = "<group>"; };
/* End PBXFileReference section */

/* Begin PBXFrameworksBuildPhase section */
		FBEE0757261A4F2A001ACF0D /* Frameworks */ = {
			isa = PBXFrameworksBuildPhase;
			buildActionMask = 2147483647;
			files = (
			);
			runOnlyForDeploymentPostprocessing = 0;
		};
/* End PBXFrameworksBuildPhase section */

/* Begin PBXGroup section */
		FBEE0751261A4F29001ACF0D = {
			isa = PBXGroup;
			children = (
				FBEE0774261A5350001ACF0D /* Entity+CoreDataClass.swift */,
				FBEE0775261A5350001ACF0D /* Entity+CoreDataProperties.swift */,
				FBEE075C261A4F2A001ACF0D /* Core Data */,
				FBEE075B261A4F2A001ACF0D /* Products */,
			);
			sourceTree = "<group>";
		};
		FBEE075B261A4F2A001ACF0D /* Products */ = {
			isa = PBXGroup;
			children = (
				FBEE075A261A4F2A001ACF0D /* Core Data.app */,
			);
			name = Products;
			sourceTree = "<group>";
		};
		FBEE075C261A4F2A001ACF0D /* Core Data */ = {
			isa = PBXGroup;
			children = (
				FBEE075D261A4F2A001ACF0D /* AppDelegate.swift */,
				FBEE075F261A4F2A001ACF0D /* SceneDelegate.swift */,
				FBEE0761261A4F2A001ACF0D /* ViewController.swift */,
				FBEE0763261A4F2A001ACF0D /* Main.storyboard */,
				FBEE0769261A4F31001ACF0D /* Assets.xcassets */,
				FBEE076B261A4F31001ACF0D /* LaunchScreen.storyboard */,
				FBEE076E261A4F31001ACF0D /* Info.plist */,
				FBEE0766261A4F2A001ACF0D /* Core_Data.xcdatamodeld */,
			);
			path = "Core Data";
			sourceTree = "<group>";
		};
/* End PBXGroup section */

/* Begin PBXNativeTarget section */
		FBEE0759261A4F2A001ACF0D /* Core Data */ = {
			isa = PBXNativeTarget;
			buildConfigurationList = FBEE0771261A4F31001ACF0D /* Build configuration list for PBXNativeTarget "Core Data" */;
			buildPhases = (
				FBEE0756261A4F2A001ACF0D /* Sources */,
				FBEE0757261A4F2A001ACF0D /* Frameworks */,
				FBEE0758261A4F2A001ACF0D /* Resources */,
			);
			buildRules = (
			);
			dependencies = (
			);
			name = "Core Data";
			productName = "Core Data";
			productReference = FBEE075A261A4F2A001ACF0D /* Core Data.app */;
			productType = "com.apple.product-type.application";
		};
/* End PBXNativeTarget section */

/* Begin PBXProject section */
		FBEE0752261A4F29001ACF0D /* Project object */ = {
			isa = PBXProject;
			attributes = {
				LastSwiftUpdateCheck = 1130;
				LastUpgradeCheck = 1130;
				ORGANIZATIONNAME = NSCC;
				TargetAttributes = {
					FBEE0759261A4F2A001ACF0D = {
						CreatedOnToolsVersion = 11.3;
					};
				};
			};
			buildConfigurationList = FBEE0755261A4F29001ACF0D /* Build configuration list for PBXProject "Core Data" */;
			compatibilityVersion = "Xcode 9.3";
			developmentRegion = en;
			hasScannedForEncodings = 0;
			knownRegions = (
				en,
				Base,
			);
			mainGroup = FBEE0751261A4F29001ACF0D;
			productRefGroup = FBEE075B261A4F2A001ACF0D /* Products */;
			projectDirPath = "";
			projectRoot = "";
			targets = (
				FBEE0759261A4F2A001ACF0D /* Core Data */,
			);
		};
/* End PBXProject section */

/* Begin PBXResourcesBuildPhase section */
		FBEE0758261A4F2A001ACF0D /* Resources */ = {
			isa = PBXResourcesBuildPhase;
			buildActionMask = 2147483647;
			files = (
				FBEE076D261A4F31001ACF0D /* LaunchScreen.storyboard in Resources */,
				FBEE076A261A4F31001ACF0D /* Assets.xcassets in Resources */,
				FBEE0765261A4F2A001ACF0D /* Main.storyboard in Resources */,
			);
			runOnlyForDeploymentPostprocessing = 0;
		};
/* End PBXResourcesBuildPhase section */

/* Begin PBXSourcesBuildPhase section */
		FBEE0756261A4F2A001ACF0D /* Sources */ = {
			isa = PBXSourcesBuildPhase;
			buildActionMask = 2147483647;
			files = (
				FBEE0777261A5350001ACF0D /* Entity+CoreDataProperties.swift in Sources */,
				FBEE0768261A4F2A001ACF0D /* Core_Data.xcdatamodeld in Sources */,
				FBEE0762261A4F2A001ACF0D /* ViewController.swift in Sources */,
				FBEE075E261A4F2A001ACF0D /* AppDelegate.swift in Sources */,
				FBEE0776261A5350001ACF0D /* Entity+CoreDataClass.swift in Sources */,
				FBEE0760261A4F2A001ACF0D /* SceneDelegate.swift in Sources */,
			);
			runOnlyForDeploymentPostprocessing = 0;
		};
/* End PBXSourcesBuildPhase section */

/* Begin PBXVariantGroup section */
		FBEE0763261A4F2A001ACF0D /* Main.storyboard */ = {
			isa = PBXVariantGroup;
			children = (
				FBEE0764261A4F2A001ACF0D /* Base */,
			);
			name = Main.storyboard;
			sourceTree = "<group>";
		};
		FBEE076B261A4F31001ACF0D /* LaunchScreen.storyboard */ = {
			isa = PBXVariantGroup;
			children = (
				FBEE076C261A4F31001ACF0D /* Base */,
			);
			name = LaunchScreen.storyboard;
			sourceTree = "<group>";
		};
/* End PBXVariantGroup section */

/* Begin XCBuildConfiguration section */
		FBEE076F261A4F31001ACF0D /* Debug */ = {
			isa = XCBuildConfiguration;
			buildSettings = {
				ALWAYS_SEARCH_USER_PATHS = NO;
				CLANG_ANALYZER_NONNULL = YES;
				CLANG_ANALYZER_NUMBER_OBJECT_CONVERSION = YES_AGGRESSIVE;
				CLANG_CXX_LANGUAGE_STANDARD = "gnu++14";
				CLANG_CXX_LIBRARY = "libc++";
				CLANG_ENABLE_MODULES = YES;
				CLANG_ENABLE_OBJC_ARC = YES;
				CLANG_ENABLE_OBJC_WEAK = YES;
				CLANG_WARN_BLOCK_CAPTURE_AUTORELEASING = YES;
				CLANG_WARN_BOOL_CONVERSION = YES;
				CLANG_WARN_COMMA = YES;
				CLANG_WARN_CONSTANT_CONVERSION = YES;
				CLANG_WARN_DEPRECATED_OBJC_IMPLEMENTATIONS = YES;
				CLANG_WARN_DIRECT_OBJC_ISA_USAGE = YES_ERROR;
				CLANG_WARN_DOCUMENTATION_COMMENTS = YES;
				CLANG_WARN_EMPTY_BODY = YES;
				CLANG_WARN_ENUM_CONVERSION = YES;
				CLANG_WARN_INFINITE_RECURSION = YES;
				CLANG_WARN_INT_CONVERSION = YES;
				CLANG_WARN_NON_LITERAL_NULL_CONVERSION = YES;
				CLANG_WARN_OBJC_IMPLICIT_RETAIN_SELF = YES;
				CLANG_WARN_OBJC_LITERAL_CONVERSION = YES;
				CLANG_WARN_OBJC_ROOT_CLASS = YES_ERROR;
				CLANG_WARN_RANGE_LOOP_ANALYSIS = YES;
				CLANG_WARN_STRICT_PROTOTYPES = YES;
				CLANG_WARN_SUSPICIOUS_MOVE = YES;
				CLANG_WARN_UNGUARDED_AVAILABILITY = YES_AGGRESSIVE;
				CLANG_WARN_UNREACHABLE_CODE = YES;
				CLANG_WARN__DUPLICATE_METHOD_MATCH = YES;
				COPY_PHASE_STRIP = NO;
				DEBUG_INFORMATION_FORMAT = dwarf;
				ENABLE_STRICT_OBJC_MSGSEND = YES;
				ENABLE_TESTABILITY = YES;
				GCC_C_LANGUAGE_STANDARD = gnu11;
				GCC_DYNAMIC_NO_PIC = NO;
				GCC_NO_COMMON_BLOCKS = YES;
				GCC_OPTIMIZATION_LEVEL = 0;
				GCC_PREPROCESSOR_DEFINITIONS = (
					"DEBUG=1",
					"$(inherited)",
				);
				GCC_WARN_64_TO_32_BIT_CONVERSION = YES;
				GCC_WARN_ABOUT_RETURN_TYPE = YES_ERROR;
				GCC_WARN_UNDECLARED_SELECTOR = YES;
				GCC_WARN_UNINITIALIZED_AUTOS = YES_AGGRESSIVE;
				GCC_WARN_UNUSED_FUNCTION = YES;
				GCC_WARN_UNUSED_VARIABLE = YES;
				IPHONEOS_DEPLOYMENT_TARGET = 13.2;
				MTL_ENABLE_DEBUG_INFO = INCLUDE_SOURCE;
				MTL_FAST_MATH = YES;
				ONLY_ACTIVE_ARCH = YES;
				SDKROOT = iphoneos;
				SWIFT_ACTIVE_COMPILATION_CONDITIONS = DEBUG;
				SWIFT_OPTIMIZATION_LEVEL = "-Onone";
			};
			name = Debug;
		};
		FBEE0770261A4F31001ACF0D /* Release */ = {
			isa = XCBuildConfiguration;
			buildSettings = {
				ALWAYS_SEARCH_USER_PATHS = NO;
				CLANG_ANALYZER_NONNULL = YES;
				CLANG_ANALYZER_NUMBER_OBJECT_CONVERSION = YES_AGGRESSIVE;
				CLANG_CXX_LANGUAGE_STANDARD = "gnu++14";
				CLANG_CXX_LIBRARY = "libc++";
				CLANG_ENABLE_MODULES = YES;
				CLANG_ENABLE_OBJC_ARC = YES;
				CLANG_ENABLE_OBJC_WEAK = YES;
				CLANG_WARN_BLOCK_CAPTURE_AUTORELEASING = YES;
				CLANG_WARN_BOOL_CONVERSION = YES;
				CLANG_WARN_COMMA = YES;
				CLANG_WARN_CONSTANT_CONVERSION = YES;
				CLANG_WARN_DEPRECATED_OBJC_IMPLEMENTATIONS = YES;
				CLANG_WARN_DIRECT_OBJC_ISA_USAGE = YES_ERROR;
				CLANG_WARN_DOCUMENTATION_COMMENTS = YES;
				CLANG_WARN_EMPTY_BODY = YES;
				CLANG_WARN_ENUM_CONVERSION = YES;
				CLANG_WARN_INFINITE_RECURSION = YES;
				CLANG_WARN_INT_CONVERSION = YES;
				CLANG_WARN_NON_LITERAL_NULL_CONVERSION = YES;
				CLANG_WARN_OBJC_IMPLICIT_RETAIN_SELF = YES;
				CLANG_WARN_OBJC_LITERAL_CONVERSION = YES;
				CLANG_WARN_OBJC_ROOT_CLASS = YES_ERROR;
				CLANG_WARN_RANGE_LOOP_ANALYSIS = YES;
				CLANG_WARN_STRICT_PROTOTYPES = YES;
				CLANG_WARN_SUSPICIOUS_MOVE = YES;
				CLANG_WARN_UNGUARDED_AVAILABILITY = YES_AGGRESSIVE;
				CLANG_WARN_UNREACHABLE_CODE = YES;
				CLANG_WARN__DUPLICATE_METHOD_MATCH = YES;
				COPY_PHASE_STRIP = NO;
				DEBUG_INFORMATION_FORMAT = "dwarf-with-dsym";
				ENABLE_NS_ASSERTIONS = NO;
				ENABLE_STRICT_OBJC_MSGSEND = YES;
				GCC_C_LANGUAGE_STANDARD = gnu11;
				GCC_NO_COMMON_BLOCKS = YES;
				GCC_WARN_64_TO_32_BIT_CONVERSION = YES;
				GCC_WARN_ABOUT_RETURN_TYPE = YES_ERROR;
				GCC_WARN_UNDECLARED_SELECTOR = YES;
				GCC_WARN_UNINITIALIZED_AUTOS = YES_AGGRESSIVE;
				GCC_WARN_UNUSED_FUNCTION = YES;
				GCC_WARN_UNUSED_VARIABLE = YES;
				IPHONEOS_DEPLOYMENT_TARGET = 13.2;
				MTL_ENABLE_DEBUG_INFO = NO;
				MTL_FAST_MATH = YES;
				SDKROOT = iphoneos;
				SWIFT_COMPILATION_MODE = wholemodule;
				SWIFT_OPTIMIZATION_LEVEL = "-O";
				VALIDATE_PRODUCT = YES;
			};
			name = Release;
		};
		FBEE0772261A4F31001ACF0D /* Debug */ = {
			isa = XCBuildConfiguration;
			buildSettings = {
				ASSETCATALOG_COMPILER_APPICON_NAME = AppIcon;
				CODE_SIGN_STYLE = Automatic;
				DEVELOPMENT_TEAM = MFSZDA2ADR;
				INFOPLIST_FILE = "Core Data/Info.plist";
				LD_RUNPATH_SEARCH_PATHS = (
					"$(inherited)",
					"@executable_path/Frameworks",
				);
				PRODUCT_BUNDLE_IDENTIFIER = "NSCC.Core-Data";
				PRODUCT_NAME = "$(TARGET_NAME)";
				SWIFT_VERSION = 5.0;
				TARGETED_DEVICE_FAMILY = "1,2";
			};
			name = Debug;
		};
		FBEE0773261A4F31001ACF0D /* Release */ = {
			isa = XCBuildConfiguration;
			buildSettings = {
				ASSETCATALOG_COMPILER_APPICON_NAME = AppIcon;
				CODE_SIGN_STYLE = Automatic;
				DEVELOPMENT_TEAM = MFSZDA2ADR;
				INFOPLIST_FILE = "Core Data/Info.plist";
				LD_RUNPATH_SEARCH_PATHS = (
					"$(inherited)",
					"@executable_path/Frameworks",
				);
				PRODUCT_BUNDLE_IDENTIFIER = "NSCC.Core-Data";
				PRODUCT_NAME = "$(TARGET_NAME)";
				SWIFT_VERSION = 5.0;
				TARGETED_DEVICE_FAMILY = "1,2";
			};
			name = Release;
		};
/* End XCBuildConfiguration section */

/* Begin XCConfigurationList section */
		FBEE0755261A4F29001ACF0D /* Build configuration list for PBXProject "Core Data" */ = {
			isa = XCConfigurationList;
			buildConfigurations = (
				FBEE076F261A4F31001ACF0D /* Debug */,
				FBEE0770261A4F31001ACF0D /* Release */,
			);
			defaultConfigurationIsVisible = 0;
			defaultConfigurationName = Release;
		};
		FBEE0771261A4F31001ACF0D /* Build configuration list for PBXNativeTarget "Core Data" */ = {
			isa = XCConfigurationList;
			buildConfigurations = (
				FBEE0772261A4F31001ACF0D /* Debug */,
				FBEE0773261A4F31001ACF0D /* Release */,
			);
			defaultConfigurationIsVisible = 0;
			defaultConfigurationName = Release;
		};
/* End XCConfigurationList section */

/* Begin XCVersionGroup section */
		FBEE0766261A4F2A001ACF0D /* Core_Data.xcdatamodeld */ = {
			isa = XCVersionGroup;
			children = (
				FBEE0767261A4F2A001ACF0D /* Core_Data.xcdatamodel */,
			);
			currentVersion = FBEE0767261A4F2A001ACF0D /* Core_Data.xcdatamodel */;
			path = Core_Data.xcdatamodeld;
			sourceTree = "<group>";
			versionGroupType = wrapper.xcdatamodel;
		};
/* End XCVersionGroup section */
	};
	rootObject = FBEE0752261A4F29001ACF0D /* Project object */;
}
