// !$*UTF8*$!
{
	archiveVersion = 1;
	classes = {
	};
	objectVersion = 50;
	objects = {

/* Begin PBXBuildFile section */
		FBEE0785261A5DA9001ACF0D /* AppDelegate.swift in Sources */ = {isa = PBXBuildFile; fileRef = FBEE0784261A5DA9001ACF0D /* AppDelegate.swift */; };
		FBEE0787261A5DA9001ACF0D /* SceneDelegate.swift in Sources */ = {isa = PBXBuildFile; fileRef = FBEE0786261A5DA9001ACF0D /* SceneDelegate.swift */; };
		FBEE0789261A5DA9001ACF0D /* ViewController.swift in Sources */ = {isa = PBXBuildFile; fileRef = FBEE0788261A5DA9001ACF0D /* ViewController.swift */; };
		FBEE078C261A5DA9001ACF0D /* Main.storyboard in Resources */ = {isa = PBXBuildFile; fileRef = FBEE078A261A5DA9001ACF0D /* Main.storyboard */; };
		FBEE078E261A5DAC001ACF0D /* Assets.xcassets in Resources */ = {isa = PBXBuildFile; fileRef = FBEE078D261A5DAC001ACF0D /* Assets.xcassets */; };
		FBEE0791261A5DAC001ACF0D /* LaunchScreen.storyboard in Resources */ = {isa = PBXBuildFile; fileRef = FBEE078F261A5DAC001ACF0D /* LaunchScreen.storyboard */; };
/* End PBXBuildFile section */

/* Begin PBXFileReference section */
		FBEE0781261A5DA9001ACF0D /* Core SQL.app */ = {isa = PBXFileReference; explicitFileType = wrapper.application; includeInIndex = 0; path = "Core SQL.app"; sourceTree = BUILT_PRODUCTS_DIR; };
		FBEE0784261A5DA9001ACF0D /* AppDelegate.swift */ = {isa = PBXFileReference; lastKnownFileType = sourcecode.swift; path = AppDelegate.swift; sourceTree = "<group>"; };
		FBEE0786261A5DA9001ACF0D /* SceneDelegate.swift */ = {isa = PBXFileReference; lastKnownFileType = sourcecode.swift; path = SceneDelegate.swift; sourceTree = "<group>"; };
		FBEE0788261A5DA9001ACF0D /* ViewController.swift */ = {isa = PBXFileReference; lastKnownFileType = sourcecode.swift; path = ViewController.swift; sourceTree = "<group>"; };
		FBEE078B261A5DA9001ACF0D /* Base */ = {isa = PBXFileReference; lastKnownFileType = file.storyboard; name = Base; path = Base.lproj/Main.storyboard; sourceTree = "<group>"; };
		FBEE078D261A5DAC001ACF0D /* Assets.xcassets */ = {isa = PBXFileReference; lastKnownFileType = folder.assetcatalog; path = Assets.xcassets; sourceTree = "<group>"; };
		FBEE0790261A5DAC001ACF0D /* Base */ = {isa = PBXFileReference; lastKnownFileType = file.storyboard; name = Base; path = Base.lproj/LaunchScreen.storyboard; sourceTree = "<group>"; };
		FBEE0792261A5DAC001ACF0D /* Info.plist */ = {isa = PBXFileReference; lastKnownFileType = text.plist.xml; path = Info.plist; sourceTree = "<group>"; };
/* End PBXFileReference section */

/* Begin PBXFrameworksBuildPhase section */
		FBEE077E261A5DA9001ACF0D /* Frameworks */ = {
			isa = PBXFrameworksBuildPhase;
			buildActionMask = 2147483647;
			files = (
			);
			runOnlyForDeploymentPostprocessing = 0;
		};
/* End PBXFrameworksBuildPhase section */

/* Begin PBXGroup section */
		FBEE0778261A5DA9001ACF0D = {
			isa = PBXGroup;
			children = (
				FBEE0783261A5DA9001ACF0D /* Core SQL */,
				FBEE0782261A5DA9001ACF0D /* Products */,
			);
			sourceTree = "<group>";
		};
		FBEE0782261A5DA9001ACF0D /* Products */ = {
			isa = PBXGroup;
			children = (
				FBEE0781261A5DA9001ACF0D /* Core SQL.app */,
			);
			name = Products;
			sourceTree = "<group>";
		};
		FBEE0783261A5DA9001ACF0D /* Core SQL */ = {
			isa = PBXGroup;
			children = (
				FBEE0784261A5DA9001ACF0D /* AppDelegate.swift */,
				FBEE0786261A5DA9001ACF0D /* SceneDelegate.swift */,
				FBEE0788261A5DA9001ACF0D /* ViewController.swift */,
				FBEE078A261A5DA9001ACF0D /* Main.storyboard */,
				FBEE078D261A5DAC001ACF0D /* Assets.xcassets */,
				FBEE078F261A5DAC001ACF0D /* LaunchScreen.storyboard */,
				FBEE0792261A5DAC001ACF0D /* Info.plist */,
			);
			path = "Core SQL";
			sourceTree = "<group>";
		};
/* End PBXGroup section */

/* Begin PBXNativeTarget section */
		FBEE0780261A5DA9001ACF0D /* Core SQL */ = {
			isa = PBXNativeTarget;
			buildConfigurationList = FBEE0795261A5DAC001ACF0D /* Build configuration list for PBXNativeTarget "Core SQL" */;
			buildPhases = (
				FBEE077D261A5DA9001ACF0D /* Sources */,
				FBEE077E261A5DA9001ACF0D /* Frameworks */,
				FBEE077F261A5DA9001ACF0D /* Resources */,
			);
			buildRules = (
			);
			dependencies = (
			);
			name = "Core SQL";
			productName = "Core SQL";
			productReference = FBEE0781261A5DA9001ACF0D /* Core SQL.app */;
			productType = "com.apple.product-type.application";
		};
/* End PBXNativeTarget section */

/* Begin PBXProject section */
		FBEE0779261A5DA9001ACF0D /* Project object */ = {
			isa = PBXProject;
			attributes = {
				LastSwiftUpdateCheck = 1130;
				LastUpgradeCheck = 1130;
				ORGANIZATIONNAME = NSCC;
				TargetAttributes = {
					FBEE0780261A5DA9001ACF0D = {
						CreatedOnToolsVersion = 11.3;
					};
				};
			};
			buildConfigurationList = FBEE077C261A5DA9001ACF0D /* Build configuration list for PBXProject "Core SQL" */;
			compatibilityVersion = "Xcode 9.3";
			developmentRegion = en;
			hasScannedForEncodings = 0;
			knownRegions = (
				en,
				Base,
			);
			mainGroup = FBEE0778261A5DA9001ACF0D;
			productRefGroup = FBEE0782261A5DA9001ACF0D /* Products */;
			projectDirPath = "";
			projectRoot = "";
			targets = (
				FBEE0780261A5DA9001ACF0D /* Core SQL */,
			);
		};
/* End PBXProject section */

/* Begin PBXResourcesBuildPhase section */
		FBEE077F261A5DA9001ACF0D /* Resources */ = {
			isa = PBXResourcesBuildPhase;
			buildActionMask = 2147483647;
			files = (
				FBEE0791261A5DAC001ACF0D /* LaunchScreen.storyboard in Resources */,
				FBEE078E261A5DAC001ACF0D /* Assets.xcassets in Resources */,
				FBEE078C261A5DA9001ACF0D /* Main.storyboard in Resources */,
			);
			runOnlyForDeploymentPostprocessing = 0;
		};
/* End PBXResourcesBuildPhase section */

/* Begin PBXSourcesBuildPhase section */
		FBEE077D261A5DA9001ACF0D /* Sources */ = {
			isa = PBXSourcesBuildPhase;
			buildActionMask = 2147483647;
			files = (
				FBEE0789261A5DA9001ACF0D /* ViewController.swift in Sources */,
				FBEE0785261A5DA9001ACF0D /* AppDelegate.swift in Sources */,
				FBEE0787261A5DA9001ACF0D /* SceneDelegate.swift in Sources */,
			);
			runOnlyForDeploymentPostprocessing = 0;
		};
/* End PBXSourcesBuildPhase section */

/* Begin PBXVariantGroup section */
		FBEE078A261A5DA9001ACF0D /* Main.storyboard */ = {
			isa = PBXVariantGroup;
			children = (
				FBEE078B261A5DA9001ACF0D /* Base */,
			);
			name = Main.storyboard;
			sourceTree = "<group>";
		};
		FBEE078F261A5DAC001ACF0D /* LaunchScreen.storyboard */ = {
			isa = PBXVariantGroup;
			children = (
				FBEE0790261A5DAC001ACF0D /* Base */,
			);
			name = LaunchScreen.storyboard;
			sourceTree = "<group>";
		};
/* End PBXVariantGroup section */

/* Begin XCBuildConfiguration section */
		FBEE0793261A5DAC001ACF0D /* Debug */ = {
			isa = XCBuildConfiguration;
			buildSettings = {
				ALWAYS_SEARCH_USER_PATHS = NO;
				CLANG_ANALYZER_NONNULL = YES;
				CLANG_ANALYZER_NUMBER_OBJECT_CONVERSION = YES_AGGRESSIVE;
				CLANG_CXX_LANGUAGE_STANDARD = "gnu++14";
				CLANG_CXX_LIBRARY = "libc++";
				CLANG_ENABLE_MODULES = YES;
				CLANG_ENABLE_OBJC_ARC = YES;
				CLANG_ENABLE_OBJC_WEAK = YES;
				CLANG_WARN_BLOCK_CAPTURE_AUTORELEASING = YES;
				CLANG_WARN_BOOL_CONVERSION = YES;
				CLANG_WARN_COMMA = YES;
				CLANG_WARN_CONSTANT_CONVERSION = YES;
				CLANG_WARN_DEPRECATED_OBJC_IMPLEMENTATIONS = YES;
				CLANG_WARN_DIRECT_OBJC_ISA_USAGE = YES_ERROR;
				CLANG_WARN_DOCUMENTATION_COMMENTS = YES;
				CLANG_WARN_EMPTY_BODY = YES;
				CLANG_WARN_ENUM_CONVERSION = YES;
				CLANG_WARN_INFINITE_RECURSION = YES;
				CLANG_WARN_INT_CONVERSION = YES;
				CLANG_WARN_NON_LITERAL_NULL_CONVERSION = YES;
				CLANG_WARN_OBJC_IMPLICIT_RETAIN_SELF = YES;
				CLANG_WARN_OBJC_LITERAL_CONVERSION = YES;
				CLANG_WARN_OBJC_ROOT_CLASS = YES_ERROR;
				CLANG_WARN_RANGE_LOOP_ANALYSIS = YES;
				CLANG_WARN_STRICT_PROTOTYPES = YES;
				CLANG_WARN_SUSPICIOUS_MOVE = YES;
				CLANG_WARN_UNGUARDED_AVAILABILITY = YES_AGGRESSIVE;
				CLANG_WARN_UNREACHABLE_CODE = YES;
				CLANG_WARN__DUPLICATE_METHOD_MATCH = YES;
				COPY_PHASE_STRIP = NO;
				DEBUG_INFORMATION_FORMAT = dwarf;
				ENABLE_STRICT_OBJC_MSGSEND = YES;
				ENABLE_TESTABILITY = YES;
				GCC_C_LANGUAGE_STANDARD = gnu11;
				GCC_DYNAMIC_NO_PIC = NO;
				GCC_NO_COMMON_BLOCKS = YES;
				GCC_OPTIMIZATION_LEVEL = 0;
				GCC_PREPROCESSOR_DEFINITIONS = (
					"DEBUG=1",
					"$(inherited)",
				);
				GCC_WARN_64_TO_32_BIT_CONVERSION = YES;
				GCC_WARN_ABOUT_RETURN_TYPE = YES_ERROR;
				GCC_WARN_UNDECLARED_SELECTOR = YES;
				GCC_WARN_UNINITIALIZED_AUTOS = YES_AGGRESSIVE;
				GCC_WARN_UNUSED_FUNCTION = YES;
				GCC_WARN_UNUSED_VARIABLE = YES;
				IPHONEOS_DEPLOYMENT_TARGET = 13.2;
				MTL_ENABLE_DEBUG_INFO = INCLUDE_SOURCE;
				MTL_FAST_MATH = YES;
				ONLY_ACTIVE_ARCH = YES;
				SDKROOT = iphoneos;
				SWIFT_ACTIVE_COMPILATION_CONDITIONS = DEBUG;
				SWIFT_OPTIMIZATION_LEVEL = "-Onone";
			};
			name = Debug;
		};
		FBEE0794261A5DAC001ACF0D /* Release */ = {
			isa = XCBuildConfiguration;
			buildSettings = {
				ALWAYS_SEARCH_USER_PATHS = NO;
				CLANG_ANALYZER_NONNULL = YES;
				CLANG_ANALYZER_NUMBER_OBJECT_CONVERSION = YES_AGGRESSIVE;
				CLANG_CXX_LANGUAGE_STANDARD = "gnu++14";
				CLANG_CXX_LIBRARY = "libc++";
				CLANG_ENABLE_MODULES = YES;
				CLANG_ENABLE_OBJC_ARC = YES;
				CLANG_ENABLE_OBJC_WEAK = YES;
				CLANG_WARN_BLOCK_CAPTURE_AUTORELEASING = YES;
				CLANG_WARN_BOOL_CONVERSION = YES;
				CLANG_WARN_COMMA = YES;
				CLANG_WARN_CONSTANT_CONVERSION = YES;
				CLANG_WARN_DEPRECATED_OBJC_IMPLEMENTATIONS = YES;
				CLANG_WARN_DIRECT_OBJC_ISA_USAGE = YES_ERROR;
				CLANG_WARN_DOCUMENTATION_COMMENTS = YES;
				CLANG_WARN_EMPTY_BODY = YES;
				CLANG_WARN_ENUM_CONVERSION = YES;
				CLANG_WARN_INFINITE_RECURSION = YES;
				CLANG_WARN_INT_CONVERSION = YES;
				CLANG_WARN_NON_LITERAL_NULL_CONVERSION = YES;
				CLANG_WARN_OBJC_IMPLICIT_RETAIN_SELF = YES;
				CLANG_WARN_OBJC_LITERAL_CONVERSION = YES;
				CLANG_WARN_OBJC_ROOT_CLASS = YES_ERROR;
				CLANG_WARN_RANGE_LOOP_ANALYSIS = YES;
				CLANG_WARN_STRICT_PROTOTYPES = YES;
				CLANG_WARN_SUSPICIOUS_MOVE = YES;
				CLANG_WARN_UNGUARDED_AVAILABILITY = YES_AGGRESSIVE;
				CLANG_WARN_UNREACHABLE_CODE = YES;
				CLANG_WARN__DUPLICATE_METHOD_MATCH = YES;
				COPY_PHASE_STRIP = NO;
				DEBUG_INFORMATION_FORMAT = "dwarf-with-dsym";
				ENABLE_NS_ASSERTIONS = NO;
				ENABLE_STRICT_OBJC_MSGSEND = YES;
				GCC_C_LANGUAGE_STANDARD = gnu11;
				GCC_NO_COMMON_BLOCKS = YES;
				GCC_WARN_64_TO_32_BIT_CONVERSION = YES;
				GCC_WARN_ABOUT_RETURN_TYPE = YES_ERROR;
				GCC_WARN_UNDECLARED_SELECTOR = YES;
				GCC_WARN_UNINITIALIZED_AUTOS = YES_AGGRESSIVE;
				GCC_WARN_UNUSED_FUNCTION = YES;
				GCC_WARN_UNUSED_VARIABLE = YES;
				IPHONEOS_DEPLOYMENT_TARGET = 13.2;
				MTL_ENABLE_DEBUG_INFO = NO;
				MTL_FAST_MATH = YES;
				SDKROOT = iphoneos;
				SWIFT_COMPILATION_MODE = wholemodule;
				SWIFT_OPTIMIZATION_LEVEL = "-O";
				VALIDATE_PRODUCT = YES;
			};
			name = Release;
		};
		FBEE0796261A5DAC001ACF0D /* Debug */ = {
			isa = XCBuildConfiguration;
			buildSettings = {
				ASSETCATALOG_COMPILER_APPICON_NAME = AppIcon;
				CODE_SIGN_STYLE = Automatic;
				DEVELOPMENT_TEAM = MFSZDA2ADR;
				INFOPLIST_FILE = "Core SQL/Info.plist";
				LD_RUNPATH_SEARCH_PATHS = (
					"$(inherited)",
					"@executable_path/Frameworks",
				);
				PRODUCT_BUNDLE_IDENTIFIER = "NSCC.Core-SQL";
				PRODUCT_NAME = "$(TARGET_NAME)";
				SWIFT_VERSION = 5.0;
				TARGETED_DEVICE_FAMILY = "1,2";
			};
			name = Debug;
		};
		FBEE0797261A5DAC001ACF0D /* Release */ = {
			isa = XCBuildConfiguration;
			buildSettings = {
				ASSETCATALOG_COMPILER_APPICON_NAME = AppIcon;
				CODE_SIGN_STYLE = Automatic;
				DEVELOPMENT_TEAM = MFSZDA2ADR;
				INFOPLIST_FILE = "Core SQL/Info.plist";
				LD_RUNPATH_SEARCH_PATHS = (
					"$(inherited)",
					"@executable_path/Frameworks",
				);
				PRODUCT_BUNDLE_IDENTIFIER = "NSCC.Core-SQL";
				PRODUCT_NAME = "$(TARGET_NAME)";
				SWIFT_VERSION = 5.0;
				TARGETED_DEVICE_FAMILY = "1,2";
			};
			name = Release;
		};
/* End XCBuildConfiguration section */

/* Begin XCConfigurationList section */
		FBEE077C261A5DA9001ACF0D /* Build configuration list for PBXProject "Core SQL" */ = {
			isa = XCConfigurationList;
			buildConfigurations = (
				FBEE0793261A5DAC001ACF0D /* Debug */,
				FBEE0794261A5DAC001ACF0D /* Release */,
			);
			defaultConfigurationIsVisible = 0;
			defaultConfigurationName = Release;
		};
		FBEE0795261A5DAC001ACF0D /* Build configuration list for PBXNativeTarget "Core SQL" */ = {
			isa = XCConfigurationList;
			buildConfigurations = (
				FBEE0796261A5DAC001ACF0D /* Debug */,
				FBEE0797261A5DAC001ACF0D /* Release */,
			);
			defaultConfigurationIsVisible = 0;
			defaultConfigurationName = Release;
		};
/* End XCConfigurationList section */
	};
	rootObject = FBEE0779261A5DA9001ACF0D /* Project object */;
}
