
Microsoft Visual Studio Solution File, Format Version 12.00
# Visual Studio Version 16
VisualStudioVersion = 16.0.30907.101
MinimumVisualStudioVersion = 10.0.40219.1
Project("{8BC9CEB8-8B4A-11D0-8D11-00A0C91BC942}") = "Array Based Stack", "Array Based Stack\Array Based Stack.vcxproj", "{5EF1F911-000E-44FC-AE77-C3C4FB3B3978}"
EndProject
Global
	GlobalSection(SolutionConfigurationPlatforms) = preSolution
		Debug|x64 = Debug|x64
		Debug|x86 = Debug|x86
		Release|x64 = Release|x64
		Release|x86 = Release|x86
	EndGlobalSection
	GlobalSection(ProjectConfigurationPlatforms) = postSolution
		{5EF1F911-000E-44FC-AE77-C3C4FB3B3978}.Debug|x64.ActiveCfg = Debug|x64
		{5EF1F911-000E-44FC-AE77-C3C4FB3B3978}.Debug|x64.Build.0 = Debug|x64
		{5EF1F911-000E-44FC-AE77-C3C4FB3B3978}.Debug|x86.ActiveCfg = Debug|Win32
		{5EF1F911-000E-44FC-AE77-C3C4FB3B3978}.Debug|x86.Build.0 = Debug|Win32
		{5EF1F911-000E-44FC-AE77-C3C4FB3B3978}.Release|x64.ActiveCfg = Release|x64
		{5EF1F911-000E-44FC-AE77-C3C4FB3B3978}.Release|x64.Build.0 = Release|x64
		{5EF1F911-000E-44FC-AE77-C3C4FB3B3978}.Release|x86.ActiveCfg = Release|Win32
		{5EF1F911-000E-44FC-AE77-C3C4FB3B3978}.Release|x86.Build.0 = Release|Win32
	EndGlobalSection
	GlobalSection(SolutionProperties) = preSolution
		HideSolutionNode = FALSE
	EndGlobalSection
	GlobalSection(ExtensibilityGlobals) = postSolution
		SolutionGuid = {8E1347B9-9A1F-4AE1-AA07-45819530E863}
	EndGlobalSection
EndGlobal
